
Microsoft Visual Studio Solution File, Format Version 12.00
# Visual Studio 2012
Project("{FAE04EC0-301F-11D3-BF4B-00C04F79EFBC}") = "MySimpleMvc", "MySimpleMvc\MySimpleMvc.csproj", "{11A86156-4BD5-4362-9EB5-E7F8F9AF3912}"
EndProject
Project("{FAE04EC0-301F-11D3-BF4B-00C04F79EFBC}") = "MvcApplication1", "MvcApplication1\MvcApplication1.csproj", "{C6AF5725-8838-49F3-9929-017E32E7E002}"
EndProject
Project("{FAE04EC0-301F-11D3-BF4B-00C04F79EFBC}") = "SimpleMvc_Lib", "SimpleMvc_Lib\SimpleMvc_Lib.csproj", "{79B46352-5262-40B1-A0A7-4221B1101483}"
EndProject
Global
	GlobalSection(SolutionConfigurationPlatforms) = preSolution
		Debug|Any CPU = Debug|Any CPU
		Release|Any CPU = Release|Any CPU
	EndGlobalSection
	GlobalSection(ProjectConfigurationPlatforms) = postSolution
		{11A86156-4BD5-4362-9EB5-E7F8F9AF3912}.Debug|Any CPU.ActiveCfg = Debug|Any CPU
		{11A86156-4BD5-4362-9EB5-E7F8F9AF3912}.Debug|Any CPU.Build.0 = Debug|Any CPU
		{11A86156-4BD5-4362-9EB5-E7F8F9AF3912}.Release|Any CPU.ActiveCfg = Release|Any CPU
		{11A86156-4BD5-4362-9EB5-E7F8F9AF3912}.Release|Any CPU.Build.0 = Release|Any CPU
		{C6AF5725-8838-49F3-9929-017E32E7E002}.Debug|Any CPU.ActiveCfg = Debug|Any CPU
		{C6AF5725-8838-49F3-9929-017E32E7E002}.Debug|Any CPU.Build.0 = Debug|Any CPU
		{C6AF5725-8838-49F3-9929-017E32E7E002}.Release|Any CPU.ActiveCfg = Release|Any CPU
		{C6AF5725-8838-49F3-9929-017E32E7E002}.Release|Any CPU.Build.0 = Release|Any CPU
		{79B46352-5262-40B1-A0A7-4221B1101483}.Debug|Any CPU.ActiveCfg = Debug|Any CPU
		{79B46352-5262-40B1-A0A7-4221B1101483}.Debug|Any CPU.Build.0 = Debug|Any CPU
		{79B46352-5262-40B1-A0A7-4221B1101483}.Release|Any CPU.ActiveCfg = Release|Any CPU
		{79B46352-5262-40B1-A0A7-4221B1101483}.Release|Any CPU.Build.0 = Release|Any CPU
	EndGlobalSection
	GlobalSection(SolutionProperties) = preSolution
		HideSolutionNode = FALSE
	EndGlobalSection
EndGlobal
